
Microsoft Visual Studio Solution File, Format Version 12.00
# Visual Studio Version 17
VisualStudioVersion = 17.0.31903.59
MinimumVisualStudioVersion = 10.0.40219.1
Project("{FAE04EC0-301F-11D3-BF4B-00C04F79EFBC}") = "POS.Domain", "POS.Domain\POS.Domain.csproj", "{F9273D33-CC88-4324-93BE-70FCDD14349C}"
EndProject
Project("{FAE04EC0-301F-11D3-BF4B-00C04F79EFBC}") = "POS.Data", "POS.Data\POS.Data.csproj", "{5D3DA3B0-3CF8-4C34-82BC-5AEC74929F55}"
EndProject
Project("{FAE04EC0-301F-11D3-BF4B-00C04F79EFBC}") = "POS.Services", "POS.Services\POS.Services.csproj", "{81292FDF-7938-4AF1-AC80-86B031E62520}"
EndProject
Project("{FAE04EC0-301F-11D3-BF4B-00C04F79EFBC}") = "POS.Reports", "POS.Reports\POS.Reports.csproj", "{45953B3A-E9FB-471A-BD6B-CC05C620A811}"
EndProject
Project("{FAE04EC0-301F-11D3-BF4B-00C04F79EFBC}") = "POS.Integrations", "POS.Integrations\POS.Integrations.csproj", "{69C46365-B24C-4180-B42F-98BB35CE12DB}"
EndProject
Project("{FAE04EC0-301F-11D3-BF4B-00C04F79EFBC}") = "POS.UI", "POS.UI\POS.UI.csproj", "{DCA60E7D-62BC-4AD8-8954-B4F3E18BCDE4}"
EndProject
Project("{FAE04EC0-301F-11D3-BF4B-00C04F79EFBC}") = "POS.Tests", "POS.Tests\POS.Tests.csproj", "{1DE795D1-EC49-446D-921F-07317757D23C}"
EndProject
Global
	GlobalSection(SolutionConfigurationPlatforms) = preSolution
		Debug|Any CPU = Debug|Any CPU
		Debug|x64 = Debug|x64
		Debug|x86 = Debug|x86
		Release|Any CPU = Release|Any CPU
		Release|x64 = Release|x64
		Release|x86 = Release|x86
	EndGlobalSection
	GlobalSection(ProjectConfigurationPlatforms) = postSolution
		{F9273D33-CC88-4324-93BE-70FCDD14349C}.Debug|Any CPU.ActiveCfg = Debug|Any CPU
		{F9273D33-CC88-4324-93BE-70FCDD14349C}.Debug|Any CPU.Build.0 = Debug|Any CPU
		{F9273D33-CC88-4324-93BE-70FCDD14349C}.Debug|x64.ActiveCfg = Debug|Any CPU
		{F9273D33-CC88-4324-93BE-70FCDD14349C}.Debug|x64.Build.0 = Debug|Any CPU
		{F9273D33-CC88-4324-93BE-70FCDD14349C}.Debug|x86.ActiveCfg = Debug|Any CPU
		{F9273D33-CC88-4324-93BE-70FCDD14349C}.Debug|x86.Build.0 = Debug|Any CPU
		{F9273D33-CC88-4324-93BE-70FCDD14349C}.Release|Any CPU.ActiveCfg = Release|Any CPU
		{F9273D33-CC88-4324-93BE-70FCDD14349C}.Release|Any CPU.Build.0 = Release|Any CPU
		{F9273D33-CC88-4324-93BE-70FCDD14349C}.Release|x64.ActiveCfg = Release|Any CPU
		{F9273D33-CC88-4324-93BE-70FCDD14349C}.Release|x64.Build.0 = Release|Any CPU
		{F9273D33-CC88-4324-93BE-70FCDD14349C}.Release|x86.ActiveCfg = Release|Any CPU
		{F9273D33-CC88-4324-93BE-70FCDD14349C}.Release|x86.Build.0 = Release|Any CPU
		{5D3DA3B0-3CF8-4C34-82BC-5AEC74929F55}.Debug|Any CPU.ActiveCfg = Debug|Any CPU
		{5D3DA3B0-3CF8-4C34-82BC-5AEC74929F55}.Debug|Any CPU.Build.0 = Debug|Any CPU
		{5D3DA3B0-3CF8-4C34-82BC-5AEC74929F55}.Debug|x64.ActiveCfg = Debug|Any CPU
		{5D3DA3B0-3CF8-4C34-82BC-5AEC74929F55}.Debug|x64.Build.0 = Debug|Any CPU
		{5D3DA3B0-3CF8-4C34-82BC-5AEC74929F55}.Debug|x86.ActiveCfg = Debug|Any CPU
		{5D3DA3B0-3CF8-4C34-82BC-5AEC74929F55}.Debug|x86.Build.0 = Debug|Any CPU
		{5D3DA3B0-3CF8-4C34-82BC-5AEC74929F55}.Release|Any CPU.ActiveCfg = Release|Any CPU
		{5D3DA3B0-3CF8-4C34-82BC-5AEC74929F55}.Release|Any CPU.Build.0 = Release|Any CPU
		{5D3DA3B0-3CF8-4C34-82BC-5AEC74929F55}.Release|x64.ActiveCfg = Release|Any CPU
		{5D3DA3B0-3CF8-4C34-82BC-5AEC74929F55}.Release|x64.Build.0 = Release|Any CPU
		{5D3DA3B0-3CF8-4C34-82BC-5AEC74929F55}.Release|x86.ActiveCfg = Release|Any CPU
		{5D3DA3B0-3CF8-4C34-82BC-5AEC74929F55}.Release|x86.Build.0 = Release|Any CPU
		{81292FDF-7938-4AF1-AC80-86B031E62520}.Debug|Any CPU.ActiveCfg = Debug|Any CPU
		{81292FDF-7938-4AF1-AC80-86B031E62520}.Debug|Any CPU.Build.0 = Debug|Any CPU
		{81292FDF-7938-4AF1-AC80-86B031E62520}.Debug|x64.ActiveCfg = Debug|Any CPU
		{81292FDF-7938-4AF1-AC80-86B031E62520}.Debug|x64.Build.0 = Debug|Any CPU
		{81292FDF-7938-4AF1-AC80-86B031E62520}.Debug|x86.ActiveCfg = Debug|Any CPU
		{81292FDF-7938-4AF1-AC80-86B031E62520}.Debug|x86.Build.0 = Debug|Any CPU
		{81292FDF-7938-4AF1-AC80-86B031E62520}.Release|Any CPU.ActiveCfg = Release|Any CPU
		{81292FDF-7938-4AF1-AC80-86B031E62520}.Release|Any CPU.Build.0 = Release|Any CPU
		{81292FDF-7938-4AF1-AC80-86B031E62520}.Release|x64.ActiveCfg = Release|Any CPU
		{81292FDF-7938-4AF1-AC80-86B031E62520}.Release|x64.Build.0 = Release|Any CPU
		{81292FDF-7938-4AF1-AC80-86B031E62520}.Release|x86.ActiveCfg = Release|Any CPU
		{81292FDF-7938-4AF1-AC80-86B031E62520}.Release|x86.Build.0 = Release|Any CPU
		{45953B3A-E9FB-471A-BD6B-CC05C620A811}.Debug|Any CPU.ActiveCfg = Debug|Any CPU
		{45953B3A-E9FB-471A-BD6B-CC05C620A811}.Debug|Any CPU.Build.0 = Debug|Any CPU
		{45953B3A-E9FB-471A-BD6B-CC05C620A811}.Debug|x64.ActiveCfg = Debug|Any CPU
		{45953B3A-E9FB-471A-BD6B-CC05C620A811}.Debug|x64.Build.0 = Debug|Any CPU
		{45953B3A-E9FB-471A-BD6B-CC05C620A811}.Debug|x86.ActiveCfg = Debug|Any CPU
		{45953B3A-E9FB-471A-BD6B-CC05C620A811}.Debug|x86.Build.0 = Debug|Any CPU
		{45953B3A-E9FB-471A-BD6B-CC05C620A811}.Release|Any CPU.ActiveCfg = Release|Any CPU
		{45953B3A-E9FB-471A-BD6B-CC05C620A811}.Release|Any CPU.Build.0 = Release|Any CPU
		{45953B3A-E9FB-471A-BD6B-CC05C620A811}.Release|x64.ActiveCfg = Release|Any CPU
		{45953B3A-E9FB-471A-BD6B-CC05C620A811}.Release|x64.Build.0 = Release|Any CPU
		{45953B3A-E9FB-471A-BD6B-CC05C620A811}.Release|x86.ActiveCfg = Release|Any CPU
		{45953B3A-E9FB-471A-BD6B-CC05C620A811}.Release|x86.Build.0 = Release|Any CPU
		{69C46365-B24C-4180-B42F-98BB35CE12DB}.Debug|Any CPU.ActiveCfg = Debug|Any CPU
		{69C46365-B24C-4180-B42F-98BB35CE12DB}.Debug|Any CPU.Build.0 = Debug|Any CPU
		{69C46365-B24C-4180-B42F-98BB35CE12DB}.Debug|x64.ActiveCfg = Debug|Any CPU
		{69C46365-B24C-4180-B42F-98BB35CE12DB}.Debug|x64.Build.0 = Debug|Any CPU
		{69C46365-B24C-4180-B42F-98BB35CE12DB}.Debug|x86.ActiveCfg = Debug|Any CPU
		{69C46365-B24C-4180-B42F-98BB35CE12DB}.Debug|x86.Build.0 = Debug|Any CPU
		{69C46365-B24C-4180-B42F-98BB35CE12DB}.Release|Any CPU.ActiveCfg = Release|Any CPU
		{69C46365-B24C-4180-B42F-98BB35CE12DB}.Release|Any CPU.Build.0 = Release|Any CPU
		{69C46365-B24C-4180-B42F-98BB35CE12DB}.Release|x64.ActiveCfg = Release|Any CPU
		{69C46365-B24C-4180-B42F-98BB35CE12DB}.Release|x64.Build.0 = Release|Any CPU
		{69C46365-B24C-4180-B42F-98BB35CE12DB}.Release|x86.ActiveCfg = Release|Any CPU
		{69C46365-B24C-4180-B42F-98BB35CE12DB}.Release|x86.Build.0 = Release|Any CPU
		{DCA60E7D-62BC-4AD8-8954-B4F3E18BCDE4}.Debug|Any CPU.ActiveCfg = Debug|Any CPU
		{DCA60E7D-62BC-4AD8-8954-B4F3E18BCDE4}.Debug|Any CPU.Build.0 = Debug|Any CPU
		{DCA60E7D-62BC-4AD8-8954-B4F3E18BCDE4}.Debug|x64.ActiveCfg = Debug|Any CPU
		{DCA60E7D-62BC-4AD8-8954-B4F3E18BCDE4}.Debug|x64.Build.0 = Debug|Any CPU
		{DCA60E7D-62BC-4AD8-8954-B4F3E18BCDE4}.Debug|x86.ActiveCfg = Debug|Any CPU
		{DCA60E7D-62BC-4AD8-8954-B4F3E18BCDE4}.Debug|x86.Build.0 = Debug|Any CPU
		{DCA60E7D-62BC-4AD8-8954-B4F3E18BCDE4}.Release|Any CPU.ActiveCfg = Release|Any CPU
		{DCA60E7D-62BC-4AD8-8954-B4F3E18BCDE4}.Release|Any CPU.Build.0 = Release|Any CPU
		{DCA60E7D-62BC-4AD8-8954-B4F3E18BCDE4}.Release|x64.ActiveCfg = Release|Any CPU
		{DCA60E7D-62BC-4AD8-8954-B4F3E18BCDE4}.Release|x64.Build.0 = Release|Any CPU
		{DCA60E7D-62BC-4AD8-8954-B4F3E18BCDE4}.Release|x86.ActiveCfg = Release|Any CPU
		{DCA60E7D-62BC-4AD8-8954-B4F3E18BCDE4}.Release|x86.Build.0 = Release|Any CPU
		{1DE795D1-EC49-446D-921F-07317757D23C}.Debug|Any CPU.ActiveCfg = Debug|Any CPU
		{1DE795D1-EC49-446D-921F-07317757D23C}.Debug|Any CPU.Build.0 = Debug|Any CPU
		{1DE795D1-EC49-446D-921F-07317757D23C}.Debug|x64.ActiveCfg = Debug|Any CPU
		{1DE795D1-EC49-446D-921F-07317757D23C}.Debug|x64.Build.0 = Debug|Any CPU
		{1DE795D1-EC49-446D-921F-07317757D23C}.Debug|x86.ActiveCfg = Debug|Any CPU
		{1DE795D1-EC49-446D-921F-07317757D23C}.Debug|x86.Build.0 = Debug|Any CPU
		{1DE795D1-EC49-446D-921F-07317757D23C}.Release|Any CPU.ActiveCfg = Release|Any CPU
		{1DE795D1-EC49-446D-921F-07317757D23C}.Release|Any CPU.Build.0 = Release|Any CPU
		{1DE795D1-EC49-446D-921F-07317757D23C}.Release|x64.ActiveCfg = Release|Any CPU
		{1DE795D1-EC49-446D-921F-07317757D23C}.Release|x64.Build.0 = Release|Any CPU
		{1DE795D1-EC49-446D-921F-07317757D23C}.Release|x86.ActiveCfg = Release|Any CPU
		{1DE795D1-EC49-446D-921F-07317757D23C}.Release|x86.Build.0 = Release|Any CPU
	EndGlobalSection
	GlobalSection(SolutionProperties) = preSolution
		HideSolutionNode = FALSE
	EndGlobalSection
EndGlobal
